
Microsoft Visual Studio Solution File, Format Version 12.00
# Visual Studio 15
VisualStudioVersion = 15.0.27130.2026
MinimumVisualStudioVersion = 10.0.40219.1
Project("{FAE04EC0-301F-11D3-BF4B-00C04F79EFBC}") = "Biltek Yapay Zeka Ekibi", "Paint\Biltek Yapay Zeka Ekibi.csproj", "{967CFDDA-71BF-47E5-BE4C-84E03BC9A950}"
EndProject
Global
	GlobalSection(SolutionConfigurationPlatforms) = preSolution
		Debug|Any CPU = Debug|Any CPU
		Release|Any CPU = Release|Any CPU
	EndGlobalSection
	GlobalSection(ProjectConfigurationPlatforms) = postSolution
		{967CFDDA-71BF-47E5-BE4C-84E03BC9A950}.Debug|Any CPU.ActiveCfg = Debug|Any CPU
		{967CFDDA-71BF-47E5-BE4C-84E03BC9A950}.Debug|Any CPU.Build.0 = Debug|Any CPU
		{967CFDDA-71BF-47E5-BE4C-84E03BC9A950}.Release|Any CPU.ActiveCfg = Release|Any CPU
		{967CFDDA-71BF-47E5-BE4C-84E03BC9A950}.Release|Any CPU.Build.0 = Release|Any CPU
	EndGlobalSection
	GlobalSection(SolutionProperties) = preSolution
		HideSolutionNode = FALSE
	EndGlobalSection
	GlobalSection(ExtensibilityGlobals) = postSolution
		SolutionGuid = {82A8B1C6-2344-4E74-AEDC-53BC6EC01C84}
	EndGlobalSection
EndGlobal
